
Microsoft Visual Studio Solution File, Format Version 12.00
# Visual Studio Version 17
VisualStudioVersion = 17.5.002.0
MinimumVisualStudioVersion = 10.0.40219.1
Project("{9A19103F-16F7-4668-BE54-9A1E7A4F7556}") = "test2", "test2.csproj", "{9B920B21-FA71-44DD-A802-810D2F064261}"
EndProject
Global
	GlobalSection(SolutionConfigurationPlatforms) = preSolution
		Debug|Any CPU = Debug|Any CPU
		Release|Any CPU = Release|Any CPU
	EndGlobalSection
	GlobalSection(ProjectConfigurationPlatforms) = postSolution
		{9B920B21-FA71-44DD-A802-810D2F064261}.Debug|Any CPU.ActiveCfg = Debug|Any CPU
		{9B920B21-FA71-44DD-A802-810D2F064261}.Debug|Any CPU.Build.0 = Debug|Any CPU
		{9B920B21-FA71-44DD-A802-810D2F064261}.Release|Any CPU.ActiveCfg = Release|Any CPU
		{9B920B21-FA71-44DD-A802-810D2F064261}.Release|Any CPU.Build.0 = Release|Any CPU
	EndGlobalSection
	GlobalSection(SolutionProperties) = preSolution
		HideSolutionNode = FALSE
	EndGlobalSection
	GlobalSection(ExtensibilityGlobals) = postSolution
		SolutionGuid = {C00C1D62-3BC4-41D9-8B20-00DBF0E10C8A}
	EndGlobalSection
EndGlobal
